
Microsoft Visual Studio Solution File, Format Version 12.00
# Visual Studio Version 17
VisualStudioVersion = 17.6.33815.320
MinimumVisualStudioVersion = 10.0.40219.1
Project("{FAE04EC0-301F-11D3-BF4B-00C04F79EFBC}") = "zadanie4", "zadanie4.csproj", "{D2D55DE1-BB28-4CEE-945B-AAD976DE5C2B}"
EndProject
Global
	GlobalSection(SolutionConfigurationPlatforms) = preSolution
		Debug|Any CPU = Debug|Any CPU
		Release|Any CPU = Release|Any CPU
	EndGlobalSection
	GlobalSection(ProjectConfigurationPlatforms) = postSolution
		{D2D55DE1-BB28-4CEE-945B-AAD976DE5C2B}.Debug|Any CPU.ActiveCfg = Debug|Any CPU
		{D2D55DE1-BB28-4CEE-945B-AAD976DE5C2B}.Debug|Any CPU.Build.0 = Debug|Any CPU
		{D2D55DE1-BB28-4CEE-945B-AAD976DE5C2B}.Release|Any CPU.ActiveCfg = Release|Any CPU
		{D2D55DE1-BB28-4CEE-945B-AAD976DE5C2B}.Release|Any CPU.Build.0 = Release|Any CPU
	EndGlobalSection
	GlobalSection(SolutionProperties) = preSolution
		HideSolutionNode = FALSE
	EndGlobalSection
	GlobalSection(ExtensibilityGlobals) = postSolution
		SolutionGuid = {BC8A4D1E-4B9B-4538-A74B-91D435679BF7}
	EndGlobalSection
EndGlobal
