
Microsoft Visual Studio Solution File, Format Version 12.00
# Visual Studio Version 17
VisualStudioVersion = 17.6.33815.320
MinimumVisualStudioVersion = 10.0.40219.1
Project("{FAE04EC0-301F-11D3-BF4B-00C04F79EFBC}") = "zadanie1", "zadanie1.csproj", "{379E41E2-5367-4227-BD10-26894FFFE51D}"
EndProject
Global
	GlobalSection(SolutionConfigurationPlatforms) = preSolution
		Debug|Any CPU = Debug|Any CPU
		Release|Any CPU = Release|Any CPU
	EndGlobalSection
	GlobalSection(ProjectConfigurationPlatforms) = postSolution
		{379E41E2-5367-4227-BD10-26894FFFE51D}.Debug|Any CPU.ActiveCfg = Debug|Any CPU
		{379E41E2-5367-4227-BD10-26894FFFE51D}.Debug|Any CPU.Build.0 = Debug|Any CPU
		{379E41E2-5367-4227-BD10-26894FFFE51D}.Release|Any CPU.ActiveCfg = Release|Any CPU
		{379E41E2-5367-4227-BD10-26894FFFE51D}.Release|Any CPU.Build.0 = Release|Any CPU
	EndGlobalSection
	GlobalSection(SolutionProperties) = preSolution
		HideSolutionNode = FALSE
	EndGlobalSection
	GlobalSection(ExtensibilityGlobals) = postSolution
		SolutionGuid = {E625ADB8-2D83-4D7B-9F69-930C7D32AEA9}
	EndGlobalSection
EndGlobal
